
Microsoft Visual Studio Solution File, Format Version 12.00
# Visual Studio Version 17
VisualStudioVersion = 17.2.32519.379
MinimumVisualStudioVersion = 10.0.40219.1
Project("{FAE04EC0-301F-11D3-BF4B-00C04F79EFBC}") = "assestsTracking2", "assestsTracking2\assestsTracking2.csproj", "{437B6CC6-8884-41AB-AC0E-E58D1E512863}"
EndProject
Global
	GlobalSection(SolutionConfigurationPlatforms) = preSolution
		Debug|Any CPU = Debug|Any CPU
		Release|Any CPU = Release|Any CPU
	EndGlobalSection
	GlobalSection(ProjectConfigurationPlatforms) = postSolution
		{437B6CC6-8884-41AB-AC0E-E58D1E512863}.Debug|Any CPU.ActiveCfg = Debug|Any CPU
		{437B6CC6-8884-41AB-AC0E-E58D1E512863}.Debug|Any CPU.Build.0 = Debug|Any CPU
		{437B6CC6-8884-41AB-AC0E-E58D1E512863}.Release|Any CPU.ActiveCfg = Release|Any CPU
		{437B6CC6-8884-41AB-AC0E-E58D1E512863}.Release|Any CPU.Build.0 = Release|Any CPU
	EndGlobalSection
	GlobalSection(SolutionProperties) = preSolution
		HideSolutionNode = FALSE
	EndGlobalSection
	GlobalSection(ExtensibilityGlobals) = postSolution
		SolutionGuid = {F5C4E19B-7B5D-44E1-ABD5-379B7A1E652D}
	EndGlobalSection
EndGlobal
